
Microsoft Visual Studio Solution File, Format Version 12.00
# Visual Studio Version 16
VisualStudioVersion = 16.0.34114.132
MinimumVisualStudioVersion = 10.0.40219.1
Project("{FAE04EC0-301F-11D3-BF4B-00C04F79EFBC}") = "UserLogin", "UserLogin.csproj", "{DEA7B17E-CFBC-48AC-8F5D-3798479857AF}"
EndProject
Global
	GlobalSection(SolutionConfigurationPlatforms) = preSolution
		Debug|Any CPU = Debug|Any CPU
		Release|Any CPU = Release|Any CPU
	EndGlobalSection
	GlobalSection(ProjectConfigurationPlatforms) = postSolution
		{DEA7B17E-CFBC-48AC-8F5D-3798479857AF}.Debug|Any CPU.ActiveCfg = Debug|Any CPU
		{DEA7B17E-CFBC-48AC-8F5D-3798479857AF}.Debug|Any CPU.Build.0 = Debug|Any CPU
		{DEA7B17E-CFBC-48AC-8F5D-3798479857AF}.Release|Any CPU.ActiveCfg = Release|Any CPU
		{DEA7B17E-CFBC-48AC-8F5D-3798479857AF}.Release|Any CPU.Build.0 = Release|Any CPU
	EndGlobalSection
	GlobalSection(SolutionProperties) = preSolution
		HideSolutionNode = FALSE
	EndGlobalSection
	GlobalSection(ExtensibilityGlobals) = postSolution
		SolutionGuid = {2951C3AC-0E42-44DE-9B89-6EED3963F5AB}
	EndGlobalSection
EndGlobal
